
Microsoft Visual Studio Solution File, Format Version 12.00
# Visual Studio 2013
VisualStudioVersion = 12.0.30723.0
MinimumVisualStudioVersion = 10.0.40219.1
Project("{FAE04EC0-301F-11D3-BF4B-00C04F79EFBC}") = "SandScript", "SandScript\SandScript.csproj", "{02AE7DE0-7B62-46D6-8FD1-9840F6A6FC6B}"
EndProject
Project("{FAE04EC0-301F-11D3-BF4B-00C04F79EFBC}") = "SandScript.Tests", "SandScript.Tests\SandScript.Tests.csproj", "{06ABB0EF-3DA7-44D3-8BA4-0CDDDE9DDBC5}"
EndProject
Global
	GlobalSection(SolutionConfigurationPlatforms) = preSolution
		Debug|Any CPU = Debug|Any CPU
		Release|Any CPU = Release|Any CPU
	EndGlobalSection
	GlobalSection(ProjectConfigurationPlatforms) = postSolution
		{02AE7DE0-7B62-46D6-8FD1-9840F6A6FC6B}.Debug|Any CPU.ActiveCfg = Debug|Any CPU
		{02AE7DE0-7B62-46D6-8FD1-9840F6A6FC6B}.Debug|Any CPU.Build.0 = Debug|Any CPU
		{02AE7DE0-7B62-46D6-8FD1-9840F6A6FC6B}.Release|Any CPU.ActiveCfg = Release|Any CPU
		{02AE7DE0-7B62-46D6-8FD1-9840F6A6FC6B}.Release|Any CPU.Build.0 = Release|Any CPU
		{06ABB0EF-3DA7-44D3-8BA4-0CDDDE9DDBC5}.Debug|Any CPU.ActiveCfg = Debug|Any CPU
		{06ABB0EF-3DA7-44D3-8BA4-0CDDDE9DDBC5}.Debug|Any CPU.Build.0 = Debug|Any CPU
		{06ABB0EF-3DA7-44D3-8BA4-0CDDDE9DDBC5}.Release|Any CPU.ActiveCfg = Release|Any CPU
		{06ABB0EF-3DA7-44D3-8BA4-0CDDDE9DDBC5}.Release|Any CPU.Build.0 = Release|Any CPU
	EndGlobalSection
	GlobalSection(SolutionProperties) = preSolution
		HideSolutionNode = FALSE
	EndGlobalSection
EndGlobal
